{
    "_readme": [
        "This file locks the dependencies of your project to a known state",
        "Read more about it at https://getcomposer.org/doc/01-basic-usage.md#installing-dependencies",
        "This file is @generated automatically"
    ],
    "content-hash": "c7b5033b1816b99495bedc6b7335b51e",
    "packages": [
        {
            "name": "wsdltophp/packagebase",
            "version": "2.0.2",
            "source": {
                "type": "git",
                "url": "https://github.com/WsdlToPhp/PackageBase.git",
                "reference": "110fc754e042c1774a6044022e3f305063a627a8"
            },
            "dist": {
                "type": "zip",
                "url": "https://api.github.com/repos/WsdlToPhp/PackageBase/zipball/110fc754e042c1774a6044022e3f305063a627a8",
                "reference": "110fc754e042c1774a6044022e3f305063a627a8",
                "shasum": ""
            },
            "require": {
                "php": ">=5.4"
            },
            "require-dev": {
                "friendsofphp/php-cs-fixer": "~2.0",
                "phpunit/phpunit": "^4.8 || ^6.0"
            },
            "type": "library",
            "autoload": {
                "psr-4": {
                    "WsdlToPhp\\PackageBase\\": "src"
                }
            },
            "notification-url": "https://packagist.org/downloads/",
            "license": [
                "MIT"
            ],
            "authors": [
                {
                    "name": "Gemorroj",
                    "email": "wapinet@mail.ru",
                    "role": "Contributor"
                },
                {
                    "name": "Mikaël DELSOL",
                    "email": "contact@wsdltophp.com",
                    "role": "Owner"
                },
                {
                    "name": "Luke Rodgers",
                    "email": "lukerodgers90@gmail.com",
                    "role": "Contributor"
                },
                {
                    "name": "Arthur Moore",
                    "email": "github@cd-net.net",
                    "role": "Contributor"
                },
                {
                    "name": "Necati Yared Ozal",
                    "email": "mail@necatiozal.com",
                    "role": "Contributor"
                }
            ],
            "description": "Contains the base classes to be used by classes generated by wsdltophp/packagegenerator",
            "homepage": "https://github.com/WsdlToPhp/PackageBase",
            "keywords": [
                "models",
                "php"
            ],
            "time": "2018-07-23T16:46:06+00:00"
        }
    ],
    "packages-dev": [],
    "aliases": [],
    "minimum-stability": "stable",
    "stability-flags": [],
    "prefer-stable": false,
    "prefer-lowest": false,
    "platform": {
        "php": ">=5.3.3",
        "ext-soap": "*"
    },
    "platform-dev": []
}
